{
  "R": {
    "Version": "4.4.2",
    "Repositories": [
      {
        "Name": "CRAN",
        "URL": "https://cran.rstudio.com"
      }
    ]
  },
  "Packages": {
    "BH": {
      "Package": "BH",
      "Version": "1.87.0-1",
      "Source": "Repository",
      "Repository": "CRAN",
      "Hash": "468d9a03ba57f22ebde50060fd13ba9f",
      "Requirements": []
    },
    "DBI": {
      "Package": "DBI",
      "Version": "1.2.3",
      "Source": "Repository",
      "Repository": "CRAN",
      "Hash": "065ae649b05f1ff66bb0c793107508f5",
      "Requirements": []
    },
    "Formula": {
      "Package": "Formula",
      "Version": "1.2-5",
      "Source": "Repository",
      "Repository": "CRAN",
      "Hash": "7a29697b75e027767a53fde6c903eca7",
      "Requirements": []
    },
    "KernSmooth": {
      "Package": "KernSmooth",
      "Version": "2.23-24",
      "Source": "Repository",
      "Repository": "CRAN",
      "Hash": "9f33a1ee37bbe8919eb2ec4b9f2473a5",
      "Requirements": []
    },
    "MASS": {
      "Package": "MASS",
      "Version": "7.3-61",
      "Source": "Repository",
      "Repository": "CRAN",
      "Hash": "0cafd6f0500e5deba33be22c46bf6055",
      "Requirements": []
    },
    "Matrix": {
      "Package": "Matrix",
      "Version": "1.7-1",
      "Source": "Repository",
      "Repository": "CRAN",
      "Hash": "5122bb14d8736372411f955e1b16bc8a",
      "Requirements": [
        "lattice"
      ]
    },
    "PROJ": {
      "Package": "PROJ",
      "Version": "0.5.0",
      "Source": "Repository",
      "Repository": "CRAN",
      "Hash": "68559a7a9a83099c73928262cd8c52bb",
      "Requirements": [
        "lifecycle",
        "wk"
      ]
    },
    "R6": {
      "Package": "R6",
      "Version": "2.5.1",
      "Source": "Repository",
      "Repository": "CRAN",
      "Hash": "470851b6d5d0ac559e9d01bb352b4021",
      "Requirements": []
    },
    "RApiSerialize": {
      "Package": "RApiSerialize",
      "Version": "0.1.4",
      "Source": "Repository",
      "Repository": "CRAN",
      "Hash": "363cffb978c5b0e8042623638e984574",
      "Requirements": []
    },
    "RColorBrewer": {
      "Package": "RColorBrewer",
      "Version": "1.1-3",
      "Source": "Repository",
      "Repository": "CRAN",
      "Hash": "45f0398006e83a5b10b72a90663d8d8c",
      "Requirements": []
    },
    "Rcpp": {
      "Package": "Rcpp",
      "Version": "1.0.13-1",
      "Source": "Repository",
      "Repository": "CRAN",
      "Hash": "6b868847b365672d6c1677b1608da9ed",
      "Requirements": []
    },
    "RcppEigen": {
      "Package": "RcppEigen",
      "Version": "0.3.4.0.2",
      "Source": "Repository",
      "Repository": "CRAN",
      "Hash": "4ac8e423216b8b70cb9653d1b3f71eb9",
      "Requirements": [
        "Rcpp"
      ]
    },
    "RcppParallel": {
      "Package": "RcppParallel",
      "Version": "5.1.9",
      "Source": "Repository",
      "Repository": "CRAN",
      "Hash": "f38a72a419b91faac0ce5d9eee04c120",
      "Requirements": []
    },
    "abind": {
      "Package": "abind",
      "Version": "1.4-8",
      "Source": "Repository",
      "Repository": "CRAN",
      "Hash": "2288423bb0f20a457800d7fc47f6aa54",
      "Requirements": []
    },
    "askpass": {
      "Package": "askpass",
      "Version": "1.2.1",
      "Source": "Repository",
      "Repository": "CRAN",
      "Hash": "c39f4155b3ceb1a9a2799d700fbd4b6a",
      "Requirements": [
        "sys"
      ]
    },
    "backports": {
      "Package": "backports",
      "Version": "1.5.0",
      "Source": "Repository",
      "Repository": "CRAN",
      "Hash": "e1e1b9d75c37401117b636b7ae50827a",
      "Requirements": []
    },
    "base64enc": {
      "Package": "base64enc",
      "Version": "0.1-3",
      "Source": "Repository",
      "Repository": "CRAN",
      "Hash": "543776ae6848fde2f48ff3816d0628bc",
      "Requirements": []
    },
    "base64url": {
      "Package": "base64url",
      "Version": "1.4",
      "Source": "Repository",
      "Repository": "CRAN",
      "Hash": "0c54cf3a08cc0e550fbd64ad33166143",
      "Requirements": [
        "backports"
      ]
    },
    "betareg": {
      "Package": "betareg",
      "Version": "3.2-1",
      "Source": "Repository",
      "Repository": "CRAN",
      "Hash": "dd9d38556af4b1386c19c191b4db48a0",
      "Requirements": [
        "Formula",
        "flexmix",
        "lmtest",
        "modeltools",
        "sandwich"
      ]
    },
    "bslib": {
      "Package": "bslib",
      "Version": "0.8.0",
      "Source": "Repository",
      "Repository": "CRAN",
      "Hash": "b299c6741ca9746fb227debcb0f9fb6c",
      "Requirements": [
        "base64enc",
        "cachem",
        "fastmap",
        "htmltools",
        "jquerylib",
        "jsonlite",
        "lifecycle",
        "memoise",
        "mime",
        "rlang",
        "sass"
      ]
    },
    "cachem": {
      "Package": "cachem",
      "Version": "1.1.0",
      "Source": "Repository",
      "Repository": "CRAN",
      "Hash": "cd9a672193789068eb5a2aad65a0dedf",
      "Requirements": [
        "fastmap",
        "rlang"
      ]
    },
    "callr": {
      "Package": "callr",
      "Version": "3.7.6",
      "Source": "Repository",
      "Repository": "CRAN",
      "Hash": "d7e13f49c19103ece9e58ad2d83a7354",
      "Requirements": [
        "R6",
        "processx"
      ]
    },
    "checkmate": {
      "Package": "checkmate",
      "Version": "2.3.2",
      "Source": "Repository",
      "Repository": "CRAN",
      "Hash": "0e14e01ce07e7c88fd25de6d4260d26b",
      "Requirements": [
        "backports"
      ]
    },
    "class": {
      "Package": "class",
      "Version": "7.3-22",
      "Source": "Repository",
      "Repository": "CRAN",
      "Hash": "f91f6b29f38b8c280f2b9477787d4bb2",
      "Requirements": [
        "MASS"
      ]
    },
    "classInt": {
      "Package": "classInt",
      "Version": "0.4-10",
      "Source": "Repository",
      "Repository": "CRAN",
      "Hash": "f5a40793b1ae463a7ffb3902a95bf864",
      "Requirements": [
        "KernSmooth",
        "class",
        "e1071"
      ]
    },
    "cli": {
      "Package": "cli",
      "Version": "3.6.3",
      "Source": "Repository",
      "Repository": "CRAN",
      "Hash": "b21916dd77a27642b447374a5d30ecf3",
      "Requirements": []
    },
    "cluster": {
      "Package": "cluster",
      "Version": "2.1.6",
      "Source": "Repository",
      "Repository": "CRAN",
      "Hash": "0aaa05204035dc43ea0004b9c76611dd",
      "Requirements": []
    },
    "codetools": {
      "Package": "codetools",
      "Version": "0.2-20",
      "Source": "Repository",
      "Repository": "CRAN",
      "Hash": "61e097f35917d342622f21cdc79c256e",
      "Requirements": []
    },
    "colorspace": {
      "Package": "colorspace",
      "Version": "2.1-1",
      "Source": "Repository",
      "Repository": "CRAN",
      "Hash": "d954cb1c57e8d8b756165d7ba18aa55a",
      "Requirements": []
    },
    "cpp11": {
      "Package": "cpp11",
      "Version": "0.5.1",
      "Source": "Repository",
      "Repository": "CRAN",
      "Hash": "9df43854f1c84685d095ed6270b52387",
      "Requirements": []
    },
    "crayon": {
      "Package": "crayon",
      "Version": "1.5.3",
      "Source": "Repository",
      "Repository": "CRAN",
      "Hash": "859d96e65ef198fd43e82b9628d593ef",
      "Requirements": []
    },
    "crsmeta": {
      "Package": "crsmeta",
      "Version": "0.3.0",
      "Source": "Repository",
      "Repository": "CRAN",
      "Hash": "76ad515a0acb138c0e93f017c7aefd11",
      "Requirements": []
    },
    "curl": {
      "Package": "curl",
      "Version": "6.1.0",
      "Source": "Repository",
      "Repository": "CRAN",
      "Hash": "8dd23d308c751efdf675124aad4bf5d7",
      "Requirements": []
    },
    "data.table": {
      "Package": "data.table",
      "Version": "1.16.4",
      "Source": "Repository",
      "Repository": "CRAN",
      "Hash": "38bbf05fc2503143db4c734a7e5cab66",
      "Requirements": []
    },
    "digest": {
      "Package": "digest",
      "Version": "0.6.37",
      "Source": "Repository",
      "Repository": "CRAN",
      "Hash": "33698c4b3127fc9f506654607fb73676",
      "Requirements": []
    },
    "dplyr": {
      "Package": "dplyr",
      "Version": "1.1.4",
      "Source": "Repository",
      "Repository": "CRAN",
      "Hash": "fedd9d00c2944ff00a0e2696ccf048ec",
      "Requirements": [
        "R6",
        "cli",
        "generics",
        "glue",
        "lifecycle",
        "magrittr",
        "pillar",
        "rlang",
        "tibble",
        "tidyselect",
        "vctrs"
      ]
    },
    "e1071": {
      "Package": "e1071",
      "Version": "1.7-16",
      "Source": "Repository",
      "Repository": "CRAN",
      "Hash": "27a09ca40266a1066d62ef5402dd51d6",
      "Requirements": [
        "class",
        "proxy"
      ]
    },
    "evaluate": {
      "Package": "evaluate",
      "Version": "1.0.1",
      "Source": "Repository",
      "Repository": "CRAN",
      "Hash": "3fd29944b231036ad67c3edb32e02201",
      "Requirements": []
    },
    "fansi": {
      "Package": "fansi",
      "Version": "1.0.6",
      "Source": "Repository",
      "Repository": "CRAN",
      "Hash": "962174cf2aeb5b9eea581522286a911f",
      "Requirements": []
    },
    "farver": {
      "Package": "farver",
      "Version": "2.1.2",
      "Source": "Repository",
      "Repository": "CRAN",
      "Hash": "680887028577f3fa2a81e410ed0d6e42",
      "Requirements": []
    },
    "fastmap": {
      "Package": "fastmap",
      "Version": "1.2.0",
      "Source": "Repository",
      "Repository": "CRAN",
      "Hash": "aa5e1cd11c2d15497494c5292d7ffcc8",
      "Requirements": []
    },
    "flexmix": {
      "Package": "flexmix",
      "Version": "2.3-19",
      "Source": "Repository",
      "Repository": "CRAN",
      "Hash": "0cb3c4b251c2d3fd5923d3e7e6021ee2",
      "Requirements": [
        "lattice",
        "modeltools",
        "nnet"
      ]
    },
    "fontawesome": {
      "Package": "fontawesome",
      "Version": "0.5.3",
      "Source": "Repository",
      "Repository": "CRAN",
      "Hash": "bd1297f9b5b1fc1372d19e2c4cd82215",
      "Requirements": [
        "htmltools",
        "rlang"
      ]
    },
    "fs": {
      "Package": "fs",
      "Version": "1.6.5",
      "Source": "Repository",
      "Repository": "CRAN",
      "Hash": "7f48af39fa27711ea5fbd183b399920d",
      "Requirements": []
    },
    "generics": {
      "Package": "generics",
      "Version": "0.1.3",
      "Source": "Repository",
      "Repository": "CRAN",
      "Hash": "15e9634c0fcd294799e9b2e929ed1b86",
      "Requirements": []
    },
    "ggplot2": {
      "Package": "ggplot2",
      "Version": "3.5.1",
      "Source": "Repository",
      "Repository": "CRAN",
      "Hash": "44c6a2f8202d5b7e878ea274b1092426",
      "Requirements": [
        "MASS",
        "cli",
        "glue",
        "gtable",
        "isoband",
        "lifecycle",
        "mgcv",
        "rlang",
        "scales",
        "tibble",
        "vctrs",
        "withr"
      ]
    },
    "ggrepel": {
      "Package": "ggrepel",
      "Version": "0.9.6",
      "Source": "Repository",
      "Repository": "CRAN",
      "Hash": "3d4156850acc1161f2f24bc61c9217c1",
      "Requirements": [
        "Rcpp",
        "ggplot2",
        "rlang",
        "scales",
        "withr"
      ]
    },
    "ggspatial": {
      "Package": "ggspatial",
      "Version": "1.1.9",
      "Source": "Repository",
      "Repository": "CRAN",
      "Hash": "0a4e5ed181eb823957df790ec11a28fc",
      "Requirements": [
        "abind",
        "ggplot2",
        "glue",
        "rlang",
        "rosm",
        "scales",
        "sf",
        "tibble",
        "tidyr"
      ]
    },
    "glue": {
      "Package": "glue",
      "Version": "1.8.0",
      "Source": "Repository",
      "Repository": "CRAN",
      "Hash": "5899f1eaa825580172bb56c08266f37c",
      "Requirements": []
    },
    "gtable": {
      "Package": "gtable",
      "Version": "0.3.6",
      "Source": "Repository",
      "Repository": "CRAN",
      "Hash": "de949855009e2d4d0e52a844e30617ae",
      "Requirements": [
        "cli",
        "glue",
        "lifecycle",
        "rlang"
      ]
    },
    "highr": {
      "Package": "highr",
      "Version": "0.11",
      "Source": "Repository",
      "Repository": "CRAN",
      "Hash": "d65ba49117ca223614f71b60d85b8ab7",
      "Requirements": [
        "xfun"
      ]
    },
    "hms": {
      "Package": "hms",
      "Version": "1.1.3",
      "Source": "Repository",
      "Repository": "CRAN",
      "Hash": "b59377caa7ed00fa41808342002138f9",
      "Requirements": [
        "lifecycle",
        "pkgconfig",
        "rlang",
        "vctrs"
      ]
    },
    "htmltools": {
      "Package": "htmltools",
      "Version": "0.5.8.1",
      "Source": "Repository",
      "Repository": "CRAN",
      "Hash": "81d371a9cc60640e74e4ab6ac46dcedc",
      "Requirements": [
        "base64enc",
        "digest",
        "fastmap",
        "rlang"
      ]
    },
    "httr": {
      "Package": "httr",
      "Version": "1.4.7",
      "Source": "Repository",
      "Repository": "CRAN",
      "Hash": "ac107251d9d9fd72f0ca8049988f1d7f",
      "Requirements": [
        "R6",
        "curl",
        "jsonlite",
        "mime",
        "openssl"
      ]
    },
    "httr2": {
      "Package": "httr2",
      "Version": "1.0.7",
      "Source": "Repository",
      "Repository": "CRAN",
      "Hash": "5a76da345ed4f3e6430517e08441edaf",
      "Requirements": [
        "R6",
        "cli",
        "curl",
        "glue",
        "lifecycle",
        "magrittr",
        "openssl",
        "rappdirs",
        "rlang",
        "vctrs",
        "withr"
      ]
    },
    "iNEXT": {
      "Package": "iNEXT",
      "Version": "3.0.1",
      "Source": "Repository",
      "Repository": "CRAN",
      "Hash": "81766ec84732c1c3c19164d1f97feae2",
      "Requirements": [
        "Rcpp",
        "ggplot2",
        "reshape2"
      ]
    },
    "igraph": {
      "Package": "igraph",
      "Version": "2.1.2",
      "Source": "Repository",
      "Repository": "CRAN",
      "Hash": "9a93b743b2461ba06ba3b5df12011145",
      "Requirements": [
        "Matrix",
        "cli",
        "cpp11",
        "lifecycle",
        "magrittr",
        "pkgconfig",
        "rlang",
        "vctrs"
      ]
    },
    "insight": {
      "Package": "insight",
      "Version": "1.0.0",
      "Source": "Repository",
      "Repository": "CRAN",
      "Hash": "bee0c3abb5eea6c4170ea2a7c334893f",
      "Requirements": []
    },
    "isoband": {
      "Package": "isoband",
      "Version": "0.2.7",
      "Source": "Repository",
      "Repository": "CRAN",
      "Hash": "0080607b4a1a7b28979aecef976d8bc2",
      "Requirements": []
    },
    "jpeg": {
      "Package": "jpeg",
      "Version": "0.1-10",
      "Source": "Repository",
      "Repository": "CRAN",
      "Hash": "031a0b683d001a7519202f0628fc0358",
      "Requirements": []
    },
    "jquerylib": {
      "Package": "jquerylib",
      "Version": "0.1.4",
      "Source": "Repository",
      "Repository": "CRAN",
      "Hash": "5aab57a3bd297eee1c1d862735972182",
      "Requirements": [
        "htmltools"
      ]
    },
    "jsonlite": {
      "Package": "jsonlite",
      "Version": "1.8.9",
      "Source": "Repository",
      "Repository": "CRAN",
      "Hash": "4e993b65c2c3ffbffce7bb3e2c6f832b",
      "Requirements": []
    },
    "knitr": {
      "Package": "knitr",
      "Version": "1.49",
      "Source": "Repository",
      "Repository": "CRAN",
      "Hash": "9fcb189926d93c636dea94fbe4f44480",
      "Requirements": [
        "evaluate",
        "highr",
        "xfun",
        "yaml"
      ]
    },
    "labeling": {
      "Package": "labeling",
      "Version": "0.4.3",
      "Source": "Repository",
      "Repository": "CRAN",
      "Hash": "b64ec208ac5bc1852b285f665d6368b3",
      "Requirements": []
    },
    "lattice": {
      "Package": "lattice",
      "Version": "0.22-6",
      "Source": "Repository",
      "Repository": "CRAN",
      "Hash": "cc5ac1ba4c238c7ca9fa6a87ca11a7e2",
      "Requirements": []
    },
    "lifecycle": {
      "Package": "lifecycle",
      "Version": "1.0.4",
      "Source": "Repository",
      "Repository": "CRAN",
      "Hash": "b8552d117e1b808b09a832f589b79035",
      "Requirements": [
        "cli",
        "glue",
        "rlang"
      ]
    },
    "lmtest": {
      "Package": "lmtest",
      "Version": "0.9-40",
      "Source": "Repository",
      "Repository": "CRAN",
      "Hash": "c6fafa6cccb1e1dfe7f7d122efd6e6a7",
      "Requirements": [
        "zoo"
      ]
    },
    "lubridate": {
      "Package": "lubridate",
      "Version": "1.9.4",
      "Source": "Repository",
      "Repository": "CRAN",
      "Hash": "be38bc740fc51783a78edb5a157e4104",
      "Requirements": [
        "generics",
        "timechange"
      ]
    },
    "magrittr": {
      "Package": "magrittr",
      "Version": "2.0.3",
      "Source": "Repository",
      "Repository": "CRAN",
      "Hash": "7ce2733a9826b3aeb1775d56fd305472",
      "Requirements": []
    },
    "marginaleffects": {
      "Package": "marginaleffects",
      "Version": "0.24.0",
      "Source": "Repository",
      "Repository": "CRAN",
      "Hash": "7af7304ff5710a9c59053da0f92a0e48",
      "Requirements": [
        "Rcpp",
        "RcppEigen",
        "checkmate",
        "data.table",
        "generics",
        "insight",
        "rlang"
      ]
    },
    "memoise": {
      "Package": "memoise",
      "Version": "2.0.1",
      "Source": "Repository",
      "Repository": "CRAN",
      "Hash": "e2817ccf4a065c5d9d7f2cfbe7c1d78c",
      "Requirements": [
        "cachem",
        "rlang"
      ]
    },
    "mgcv": {
      "Package": "mgcv",
      "Version": "1.9-1",
      "Source": "Repository",
      "Repository": "CRAN",
      "Hash": "110ee9d83b496279960e162ac97764ce",
      "Requirements": [
        "Matrix",
        "nlme"
      ]
    },
    "mime": {
      "Package": "mime",
      "Version": "0.12",
      "Source": "Repository",
      "Repository": "CRAN",
      "Hash": "18e9c28c1d3ca1560ce30658b22ce104",
      "Requirements": []
    },
    "modeltools": {
      "Package": "modeltools",
      "Version": "0.2-23",
      "Source": "Repository",
      "Repository": "CRAN",
      "Hash": "f5a957c02222589bdf625a67be68b2a9",
      "Requirements": []
    },
    "munsell": {
      "Package": "munsell",
      "Version": "0.5.1",
      "Source": "Repository",
      "Repository": "CRAN",
      "Hash": "4fd8900853b746af55b81fda99da7695",
      "Requirements": [
        "colorspace"
      ]
    },
    "nlme": {
      "Package": "nlme",
      "Version": "3.1-166",
      "Source": "Repository",
      "Repository": "CRAN",
      "Hash": "ccbb8846be320b627e6aa2b4616a2ded",
      "Requirements": [
        "lattice"
      ]
    },
    "nnet": {
      "Package": "nnet",
      "Version": "7.3-19",
      "Source": "Repository",
      "Repository": "CRAN",
      "Hash": "2c797b46eea7fb58ede195bc0b1f1138",
      "Requirements": []
    },
    "openssl": {
      "Package": "openssl",
      "Version": "2.3.0",
      "Source": "Repository",
      "Repository": "CRAN",
      "Hash": "5bfe2927efa9f87766ca9605301ea48f",
      "Requirements": [
        "askpass"
      ]
    },
    "osmdata": {
      "Package": "osmdata",
      "Version": "0.2.5",
      "Source": "Repository",
      "Repository": "CRAN",
      "Hash": "484fb25b6267ae0a885511dbac53f193",
      "Requirements": [
        "Rcpp",
        "curl",
        "httr2",
        "lubridate",
        "magrittr",
        "reproj",
        "rvest",
        "tibble",
        "xml2"
      ]
    },
    "patchwork": {
      "Package": "patchwork",
      "Version": "1.3.0",
      "Source": "Repository",
      "Repository": "CRAN",
      "Hash": "e23fb9ecb1258207bcb763d78d513439",
      "Requirements": [
        "cli",
        "farver",
        "ggplot2",
        "gtable",
        "rlang"
      ]
    },
    "permute": {
      "Package": "permute",
      "Version": "0.9-7",
      "Source": "Repository",
      "Repository": "CRAN",
      "Hash": "abf0ca85c1c752e0d04f46334e635046",
      "Requirements": []
    },
    "pillar": {
      "Package": "pillar",
      "Version": "1.10.1",
      "Source": "Repository",
      "Repository": "CRAN",
      "Hash": "8b16b6097daef84cd3c40a6a7c5c9d86",
      "Requirements": [
        "cli",
        "glue",
        "lifecycle",
        "rlang",
        "utf8",
        "vctrs"
      ]
    },
    "pkgconfig": {
      "Package": "pkgconfig",
      "Version": "2.0.3",
      "Source": "Repository",
      "Repository": "CRAN",
      "Hash": "01f28d4278f15c76cddbea05899c5d6f",
      "Requirements": []
    },
    "plyr": {
      "Package": "plyr",
      "Version": "1.8.9",
      "Source": "Repository",
      "Repository": "CRAN",
      "Hash": "6b8177fd19982f0020743fadbfdbd933",
      "Requirements": [
        "Rcpp"
      ]
    },
    "png": {
      "Package": "png",
      "Version": "0.1-8",
      "Source": "Repository",
      "Repository": "CRAN",
      "Hash": "bd54ba8a0a5faded999a7aab6e46b374",
      "Requirements": []
    },
    "prettyunits": {
      "Package": "prettyunits",
      "Version": "1.2.0",
      "Source": "Repository",
      "Repository": "CRAN",
      "Hash": "6b01fc98b1e86c4f705ce9dcfd2f57c7",
      "Requirements": []
    },
    "processx": {
      "Package": "processx",
      "Version": "3.8.4",
      "Source": "Repository",
      "Repository": "CRAN",
      "Hash": "0c90a7d71988856bad2a2a45dd871bb9",
      "Requirements": [
        "R6",
        "ps"
      ]
    },
    "progress": {
      "Package": "progress",
      "Version": "1.2.3",
      "Source": "Repository",
      "Repository": "CRAN",
      "Hash": "f4625e061cb2865f111b47ff163a5ca6",
      "Requirements": [
        "R6",
        "crayon",
        "hms",
        "prettyunits"
      ]
    },
    "proj4": {
      "Package": "proj4",
      "Version": "1.0-14",
      "Source": "Repository",
      "Repository": "CRAN",
      "Hash": "1e3f9f3e86ddcb8542794fec82eee6e2",
      "Requirements": []
    },
    "proxy": {
      "Package": "proxy",
      "Version": "0.4-27",
      "Source": "Repository",
      "Repository": "CRAN",
      "Hash": "e0ef355c12942cf7a6b91a6cfaea8b3e",
      "Requirements": []
    },
    "ps": {
      "Package": "ps",
      "Version": "1.8.1",
      "Source": "Repository",
      "Repository": "CRAN",
      "Hash": "b4404b1de13758dea1c0484ad0d48563",
      "Requirements": []
    },
    "purrr": {
      "Package": "purrr",
      "Version": "1.0.2",
      "Source": "Repository",
      "Repository": "CRAN",
      "Hash": "1cba04a4e9414bdefc9dcaa99649a8dc",
      "Requirements": [
        "cli",
        "lifecycle",
        "magrittr",
        "rlang",
        "vctrs"
      ]
    },
    "qs": {
      "Package": "qs",
      "Version": "0.27.2",
      "Source": "Repository",
      "Repository": "CRAN",
      "Hash": "54716cfa710dfa4fa63eae0244661478",
      "Requirements": [
        "BH",
        "RApiSerialize",
        "Rcpp",
        "stringfish"
      ]
    },
    "rappdirs": {
      "Package": "rappdirs",
      "Version": "0.3.3",
      "Source": "Repository",
      "Repository": "CRAN",
      "Hash": "5e3c5dc0b071b21fa128676560dbe94d",
      "Requirements": []
    },
    "renv": {
      "Package": "renv",
      "Version": "0.15.4",
      "Source": "Repository",
      "Repository": "CRAN",
      "Hash": "c1078316e1d4f70275fc1ea60c0bc431",
      "Requirements": []
    },
    "reproj": {
      "Package": "reproj",
      "Version": "0.7.0",
      "Source": "Repository",
      "Repository": "CRAN",
      "Hash": "4a602c9eb1bbf34e7b16c823686b5838",
      "Requirements": [
        "PROJ",
        "crsmeta",
        "proj4"
      ]
    },
    "reshape2": {
      "Package": "reshape2",
      "Version": "1.4.4",
      "Source": "Repository",
      "Repository": "CRAN",
      "Hash": "bb5996d0bd962d214a11140d77589917",
      "Requirements": [
        "Rcpp",
        "plyr",
        "stringr"
      ]
    },
    "rlang": {
      "Package": "rlang",
      "Version": "1.1.4",
      "Source": "Repository",
      "Repository": "CRAN",
      "Hash": "3eec01f8b1dee337674b2e34ab1f9bc1",
      "Requirements": []
    },
    "rmarkdown": {
      "Package": "rmarkdown",
      "Version": "2.29",
      "Source": "Repository",
      "Repository": "CRAN",
      "Hash": "df99277f63d01c34e95e3d2f06a79736",
      "Requirements": [
        "bslib",
        "evaluate",
        "fontawesome",
        "htmltools",
        "jquerylib",
        "jsonlite",
        "knitr",
        "tinytex",
        "xfun",
        "yaml"
      ]
    },
    "rosm": {
      "Package": "rosm",
      "Version": "0.3.0",
      "Source": "Repository",
      "Repository": "CRAN",
      "Hash": "fcd529f183c4163a91430d7b7bbaece5",
      "Requirements": [
        "curl",
        "glue",
        "jpeg",
        "png",
        "progress",
        "rlang",
        "wk"
      ]
    },
    "rvest": {
      "Package": "rvest",
      "Version": "1.0.4",
      "Source": "Repository",
      "Repository": "CRAN",
      "Hash": "0bcf0c6f274e90ea314b812a6d19a519",
      "Requirements": [
        "cli",
        "glue",
        "httr",
        "lifecycle",
        "magrittr",
        "rlang",
        "selectr",
        "tibble",
        "xml2"
      ]
    },
    "s2": {
      "Package": "s2",
      "Version": "1.1.7",
      "Source": "Repository",
      "Repository": "CRAN",
      "Hash": "3c8013cdd7f1d20de5762e3f97e5e274",
      "Requirements": [
        "Rcpp",
        "wk"
      ]
    },
    "sandwich": {
      "Package": "sandwich",
      "Version": "3.1-1",
      "Source": "Repository",
      "Repository": "CRAN",
      "Hash": "072bb2d27425f2a58fe71fe1080676ce",
      "Requirements": [
        "zoo"
      ]
    },
    "sass": {
      "Package": "sass",
      "Version": "0.4.9",
      "Source": "Repository",
      "Repository": "CRAN",
      "Hash": "d53dbfddf695303ea4ad66f86e99b95d",
      "Requirements": [
        "R6",
        "fs",
        "htmltools",
        "rappdirs",
        "rlang"
      ]
    },
    "scales": {
      "Package": "scales",
      "Version": "1.3.0",
      "Source": "Repository",
      "Repository": "CRAN",
      "Hash": "c19df082ba346b0ffa6f833e92de34d1",
      "Requirements": [
        "R6",
        "RColorBrewer",
        "cli",
        "farver",
        "glue",
        "labeling",
        "lifecycle",
        "munsell",
        "rlang",
        "viridisLite"
      ]
    },
    "secretbase": {
      "Package": "secretbase",
      "Version": "1.0.3",
      "Source": "Repository",
      "Repository": "CRAN",
      "Hash": "eaf84737a6da68c1e843979963c09a6b",
      "Requirements": []
    },
    "selectr": {
      "Package": "selectr",
      "Version": "0.4-2",
      "Source": "Repository",
      "Repository": "CRAN",
      "Hash": "3838071b66e0c566d55cc26bd6e27bf4",
      "Requirements": [
        "R6",
        "stringr"
      ]
    },
    "sf": {
      "Package": "sf",
      "Version": "1.0-19",
      "Source": "Repository",
      "Repository": "CRAN",
      "Hash": "fe02eec2f6b3ba0e24afe83d5ccfb528",
      "Requirements": [
        "DBI",
        "Rcpp",
        "classInt",
        "magrittr",
        "s2",
        "units"
      ]
    },
    "stars": {
      "Package": "stars",
      "Version": "0.6-7",
      "Source": "Repository",
      "Repository": "CRAN",
      "Hash": "0df88c47fce8cda8cfe84ce05cc4c5a1",
      "Requirements": [
        "abind",
        "classInt",
        "rlang",
        "sf",
        "units"
      ]
    },
    "stringfish": {
      "Package": "stringfish",
      "Version": "0.16.0",
      "Source": "Repository",
      "Repository": "CRAN",
      "Hash": "b7eb79470319ae71d4b5ed9cd7bf7294",
      "Requirements": [
        "Rcpp",
        "RcppParallel"
      ]
    },
    "stringi": {
      "Package": "stringi",
      "Version": "1.8.4",
      "Source": "Repository",
      "Repository": "CRAN",
      "Hash": "39e1144fd75428983dc3f63aa53dfa91",
      "Requirements": []
    },
    "stringr": {
      "Package": "stringr",
      "Version": "1.5.1",
      "Source": "Repository",
      "Repository": "CRAN",
      "Hash": "960e2ae9e09656611e0b8214ad543207",
      "Requirements": [
        "cli",
        "glue",
        "lifecycle",
        "magrittr",
        "rlang",
        "stringi",
        "vctrs"
      ]
    },
    "sys": {
      "Package": "sys",
      "Version": "3.4.3",
      "Source": "Repository",
      "Repository": "CRAN",
      "Hash": "de342ebfebdbf40477d0758d05426646",
      "Requirements": []
    },
    "tarchetypes": {
      "Package": "tarchetypes",
      "Version": "0.11.0",
      "Source": "Repository",
      "Repository": "CRAN",
      "Hash": "cf140014f9d00f97f4bd22d961e20471",
      "Requirements": [
        "dplyr",
        "fs",
        "rlang",
        "secretbase",
        "targets",
        "tibble",
        "tidyselect",
        "vctrs",
        "withr"
      ]
    },
    "targets": {
      "Package": "targets",
      "Version": "1.9.1",
      "Source": "Repository",
      "Repository": "CRAN",
      "Hash": "e543d1527ad26f8d6fd0f4f4b17bf39a",
      "Requirements": [
        "R6",
        "base64url",
        "callr",
        "cli",
        "codetools",
        "data.table",
        "igraph",
        "knitr",
        "ps",
        "rlang",
        "secretbase",
        "tibble",
        "tidyselect",
        "vctrs",
        "yaml"
      ]
    },
    "tibble": {
      "Package": "tibble",
      "Version": "3.2.1",
      "Source": "Repository",
      "Repository": "CRAN",
      "Hash": "a84e2cc86d07289b3b6f5069df7a004c",
      "Requirements": [
        "fansi",
        "lifecycle",
        "magrittr",
        "pillar",
        "pkgconfig",
        "rlang",
        "vctrs"
      ]
    },
    "tidyr": {
      "Package": "tidyr",
      "Version": "1.3.1",
      "Source": "Repository",
      "Repository": "CRAN",
      "Hash": "915fb7ce036c22a6a33b5a8adb712eb1",
      "Requirements": [
        "cli",
        "cpp11",
        "dplyr",
        "glue",
        "lifecycle",
        "magrittr",
        "purrr",
        "rlang",
        "stringr",
        "tibble",
        "tidyselect",
        "vctrs"
      ]
    },
    "tidyselect": {
      "Package": "tidyselect",
      "Version": "1.2.1",
      "Source": "Repository",
      "Repository": "CRAN",
      "Hash": "829f27b9c4919c16b593794a6344d6c0",
      "Requirements": [
        "cli",
        "glue",
        "lifecycle",
        "rlang",
        "vctrs",
        "withr"
      ]
    },
    "timechange": {
      "Package": "timechange",
      "Version": "0.3.0",
      "Source": "Repository",
      "Repository": "CRAN",
      "Hash": "c5f3c201b931cd6474d17d8700ccb1c8",
      "Requirements": [
        "cpp11"
      ]
    },
    "tinytex": {
      "Package": "tinytex",
      "Version": "0.54",
      "Source": "Repository",
      "Repository": "CRAN",
      "Hash": "3ec7e3ddcacc2d34a9046941222bf94d",
      "Requirements": [
        "xfun"
      ]
    },
    "units": {
      "Package": "units",
      "Version": "0.8-5",
      "Source": "Repository",
      "Repository": "CRAN",
      "Hash": "119d19da480e873f72241ff6962ffd83",
      "Requirements": [
        "Rcpp"
      ]
    },
    "utf8": {
      "Package": "utf8",
      "Version": "1.2.4",
      "Source": "Repository",
      "Repository": "CRAN",
      "Hash": "62b65c52671e6665f803ff02954446e9",
      "Requirements": []
    },
    "vctrs": {
      "Package": "vctrs",
      "Version": "0.6.5",
      "Source": "Repository",
      "Repository": "CRAN",
      "Hash": "c03fa420630029418f7e6da3667aac4a",
      "Requirements": [
        "cli",
        "glue",
        "lifecycle",
        "rlang"
      ]
    },
    "vegan": {
      "Package": "vegan",
      "Version": "2.6-8",
      "Source": "Repository",
      "Repository": "CRAN",
      "Hash": "1cf04791d6222288c30d3c7d887da1ea",
      "Requirements": [
        "MASS",
        "cluster",
        "lattice",
        "mgcv",
        "permute"
      ]
    },
    "viridisLite": {
      "Package": "viridisLite",
      "Version": "0.4.2",
      "Source": "Repository",
      "Repository": "CRAN",
      "Hash": "c826c7c4241b6fc89ff55aaea3fa7491",
      "Requirements": []
    },
    "withr": {
      "Package": "withr",
      "Version": "3.0.2",
      "Source": "Repository",
      "Repository": "CRAN",
      "Hash": "cc2d62c76458d425210d1eb1478b30b4",
      "Requirements": []
    },
    "wk": {
      "Package": "wk",
      "Version": "0.9.4",
      "Source": "Repository",
      "Repository": "CRAN",
      "Hash": "37be35d733130f1de1ef51672cf7cdc0",
      "Requirements": []
    },
    "xfun": {
      "Package": "xfun",
      "Version": "0.50",
      "Source": "Repository",
      "Repository": "CRAN",
      "Hash": "44ab88837d3f8dfc66a837299b887fa6",
      "Requirements": []
    },
    "xml2": {
      "Package": "xml2",
      "Version": "1.3.6",
      "Source": "Repository",
      "Repository": "CRAN",
      "Hash": "1d0336142f4cd25d8d23cd3ba7a8fb61",
      "Requirements": [
        "cli",
        "rlang"
      ]
    },
    "yaml": {
      "Package": "yaml",
      "Version": "2.3.10",
      "Source": "Repository",
      "Repository": "CRAN",
      "Hash": "51dab85c6c98e50a18d7551e9d49f76c",
      "Requirements": []
    },
    "zoo": {
      "Package": "zoo",
      "Version": "1.8-12",
      "Source": "Repository",
      "Repository": "CRAN",
      "Hash": "5c715954112b45499fb1dadc6ee6ee3e",
      "Requirements": [
        "lattice"
      ]
    }
  }
}
